// !$*UTF8*$!
{
	archiveVersion = 1;
	classes = {
	};
	objectVersion = 46;
	objects = {

/* Begin PBXBuildFile section */
		181E6D22178FF395002C7313 /* icon.gif in Resources */ = {isa = PBXBuildFile; fileRef = 181E6D21178FF395002C7313 /* icon.gif */; };
		181E6D24178FF3E2002C7313 /* app_image_1485.png in Resources */ = {isa = PBXBuildFile; fileRef = 181E6D23178FF3E2002C7313 /* app_image_1485.png */; };
		181E6D2D17900C8F002C7313 /* Default-568h@2x.png in Resources */ = {isa = PBXBuildFile; fileRef = 181E6D2C17900C8F002C7313 /* Default-568h@2x.png */; };
		181E6D2F17900D39002C7313 /* Default@2x.png in Resources */ = {isa = PBXBuildFile; fileRef = 181E6D2E17900D39002C7313 /* Default@2x.png */; };
		181E6D4417902245002C7313 /* libTestFlight.a in Frameworks */ = {isa = PBXBuildFile; fileRef = 181E6D4017902245002C7313 /* libTestFlight.a */; };
		181E6D4517902245002C7313 /* README.md in Resources */ = {isa = PBXBuildFile; fileRef = 181E6D4117902245002C7313 /* README.md */; };
		181E6D4617902245002C7313 /* release_notes.md in Resources */ = {isa = PBXBuildFile; fileRef = 181E6D4217902245002C7313 /* release_notes.md */; };
		181E6D48179022DE002C7313 /* libz.dylib in Frameworks */ = {isa = PBXBuildFile; fileRef = 181E6D47179022DE002C7313 /* libz.dylib */; };
		18380668178EBADD00A4FCCC /* cardback.png in Resources */ = {isa = PBXBuildFile; fileRef = 18380664178EBADD00A4FCCC /* cardback.png */; };
		18380669178EBADD00A4FCCC /* green_stripes.gif in Resources */ = {isa = PBXBuildFile; fileRef = 18380665178EBADD00A4FCCC /* green_stripes.gif */; };
		1838066A178EBADD00A4FCCC /* purple_stripes.gif in Resources */ = {isa = PBXBuildFile; fileRef = 18380666178EBADD00A4FCCC /* purple_stripes.gif */; };
		1838066B178EBADD00A4FCCC /* red_stripes.gif in Resources */ = {isa = PBXBuildFile; fileRef = 18380667178EBADD00A4FCCC /* red_stripes.gif */; };
		1838066F178EBC7A00A4FCCC /* Features Icon.png in Resources */ = {isa = PBXBuildFile; fileRef = 1838066C178EBC7A00A4FCCC /* Features Icon.png */; };
		18380670178EBC7A00A4FCCC /* IconAction_Camera_GridView_30x30.png in Resources */ = {isa = PBXBuildFile; fileRef = 1838066D178EBC7A00A4FCCC /* IconAction_Camera_GridView_30x30.png */; };
		18380671178EBC7A00A4FCCC /* playing_card_icon.png in Resources */ = {isa = PBXBuildFile; fileRef = 1838066E178EBC7A00A4FCCC /* playing_card_icon.png */; };
		189A2C85178D33FE00AE36CA /* MatchCollectionViewCell.m in Sources */ = {isa = PBXBuildFile; fileRef = 189A2C84178D33FE00AE36CA /* MatchCollectionViewCell.m */; };
		18C7B295178ADF34001D5F59 /* UIKit.framework in Frameworks */ = {isa = PBXBuildFile; fileRef = 18C7B294178ADF34001D5F59 /* UIKit.framework */; };
		18C7B297178ADF34001D5F59 /* Foundation.framework in Frameworks */ = {isa = PBXBuildFile; fileRef = 18C7B296178ADF34001D5F59 /* Foundation.framework */; };
		18C7B299178ADF34001D5F59 /* CoreGraphics.framework in Frameworks */ = {isa = PBXBuildFile; fileRef = 18C7B298178ADF34001D5F59 /* CoreGraphics.framework */; };
		18C7B29F178ADF34001D5F59 /* InfoPlist.strings in Resources */ = {isa = PBXBuildFile; fileRef = 18C7B29D178ADF34001D5F59 /* InfoPlist.strings */; };
		18C7B2A1178ADF34001D5F59 /* main.m in Sources */ = {isa = PBXBuildFile; fileRef = 18C7B2A0178ADF34001D5F59 /* main.m */; };
		18C7B2A5178ADF34001D5F59 /* CardGameAppDelegate.m in Sources */ = {isa = PBXBuildFile; fileRef = 18C7B2A4178ADF34001D5F59 /* CardGameAppDelegate.m */; };
		18C7B2A7178ADF34001D5F59 /* Default.png in Resources */ = {isa = PBXBuildFile; fileRef = 18C7B2A6178ADF34001D5F59 /* Default.png */; };
		18C7B2AE178ADF34001D5F59 /* MainStoryboard.storyboard in Resources */ = {isa = PBXBuildFile; fileRef = 18C7B2AC178ADF34001D5F59 /* MainStoryboard.storyboard */; };
		18C7B2B1178ADF34001D5F59 /* CardGameViewController.m in Sources */ = {isa = PBXBuildFile; fileRef = 18C7B2B0178ADF34001D5F59 /* CardGameViewController.m */; };
		18C7B2B9178AFA31001D5F59 /* PlayingCardGameViewController.m in Sources */ = {isa = PBXBuildFile; fileRef = 18C7B2B8178AFA31001D5F59 /* PlayingCardGameViewController.m */; };
		18C7B2BC178AFFAE001D5F59 /* SetGameViewController.m in Sources */ = {isa = PBXBuildFile; fileRef = 18C7B2BB178AFFAE001D5F59 /* SetGameViewController.m */; };
		18C7B2BF178B0006001D5F59 /* GameSettingsViewController.m in Sources */ = {isa = PBXBuildFile; fileRef = 18C7B2BE178B0006001D5F59 /* GameSettingsViewController.m */; };
		18C7B2C2178B009F001D5F59 /* Card.m in Sources */ = {isa = PBXBuildFile; fileRef = 18C7B2C1178B009F001D5F59 /* Card.m */; };
		18C7B2C5178B00C0001D5F59 /* CardMatchingGame.m in Sources */ = {isa = PBXBuildFile; fileRef = 18C7B2C4178B00C0001D5F59 /* CardMatchingGame.m */; };
		18C7B2C8178B00E9001D5F59 /* Deck.m in Sources */ = {isa = PBXBuildFile; fileRef = 18C7B2C7178B00E9001D5F59 /* Deck.m */; };
		18C7B2CB178B00FF001D5F59 /* GameResult.m in Sources */ = {isa = PBXBuildFile; fileRef = 18C7B2CA178B00FF001D5F59 /* GameResult.m */; };
		18C7B2CF178B01F1001D5F59 /* PlayingCard.m in Sources */ = {isa = PBXBuildFile; fileRef = 18C7B2CE178B01F1001D5F59 /* PlayingCard.m */; };
		18C7B2D2178B022E001D5F59 /* PlayingCardDeck.m in Sources */ = {isa = PBXBuildFile; fileRef = 18C7B2D1178B022E001D5F59 /* PlayingCardDeck.m */; };
		18C7B2D5178B0258001D5F59 /* SetCard.m in Sources */ = {isa = PBXBuildFile; fileRef = 18C7B2D4178B0258001D5F59 /* SetCard.m */; };
		18C7B2D8178B028B001D5F59 /* SetCardDeck.m in Sources */ = {isa = PBXBuildFile; fileRef = 18C7B2D7178B028B001D5F59 /* SetCardDeck.m */; };
		18C7B2DB178B02B2001D5F59 /* GameSettings.m in Sources */ = {isa = PBXBuildFile; fileRef = 18C7B2DA178B02B2001D5F59 /* GameSettings.m */; };
		18C7B2E2178B0367001D5F59 /* PlayingCardCollectionViewCell.m in Sources */ = {isa = PBXBuildFile; fileRef = 18C7B2E1178B0367001D5F59 /* PlayingCardCollectionViewCell.m */; };
		18C7B2E5178B0386001D5F59 /* PlayingCardView.m in Sources */ = {isa = PBXBuildFile; fileRef = 18C7B2E4178B0386001D5F59 /* PlayingCardView.m */; };
		18C7B2E8178B03A3001D5F59 /* SetCardCollectionViewCell.m in Sources */ = {isa = PBXBuildFile; fileRef = 18C7B2E7178B03A3001D5F59 /* SetCardCollectionViewCell.m */; };
		18C7B2EB178B03B9001D5F59 /* SetCardView.m in Sources */ = {isa = PBXBuildFile; fileRef = 18C7B2EA178B03B9001D5F59 /* SetCardView.m */; };
		18C7B2EE178B03CD001D5F59 /* FlipResultView.m in Sources */ = {isa = PBXBuildFile; fileRef = 18C7B2ED178B03CD001D5F59 /* FlipResultView.m */; };
		18C7B2F7178B040D001D5F59 /* MatchSectionHeaderReusableView.m in Sources */ = {isa = PBXBuildFile; fileRef = 18C7B2F6178B040D001D5F59 /* MatchSectionHeaderReusableView.m */; };
/* End PBXBuildFile section */

/* Begin PBXFileReference section */
		181E6D21178FF395002C7313 /* icon.gif */ = {isa = PBXFileReference; lastKnownFileType = image.gif; name = icon.gif; path = ../icon.gif; sourceTree = "<group>"; };
		181E6D23178FF3E2002C7313 /* app_image_1485.png */ = {isa = PBXFileReference; lastKnownFileType = image.png; path = app_image_1485.png; sourceTree = "<group>"; };
		181E6D2C17900C8F002C7313 /* Default-568h@2x.png */ = {isa = PBXFileReference; lastKnownFileType = image.png; path = "Default-568h@2x.png"; sourceTree = "<group>"; };
		181E6D2E17900D39002C7313 /* Default@2x.png */ = {isa = PBXFileReference; lastKnownFileType = image.png; path = "Default@2x.png"; sourceTree = "<group>"; };
		181E6D4017902245002C7313 /* libTestFlight.a */ = {isa = PBXFileReference; lastKnownFileType = archive.ar; path = libTestFlight.a; sourceTree = "<group>"; };
		181E6D4117902245002C7313 /* README.md */ = {isa = PBXFileReference; fileEncoding = 4; lastKnownFileType = text; path = README.md; sourceTree = "<group>"; };
		181E6D4217902245002C7313 /* release_notes.md */ = {isa = PBXFileReference; fileEncoding = 4; lastKnownFileType = text; path = release_notes.md; sourceTree = "<group>"; };
		181E6D4317902245002C7313 /* TestFlight.h */ = {isa = PBXFileReference; fileEncoding = 4; lastKnownFileType = sourcecode.c.h; path = TestFlight.h; sourceTree = "<group>"; };
		181E6D47179022DE002C7313 /* libz.dylib */ = {isa = PBXFileReference; lastKnownFileType = "compiled.mach-o.dylib"; name = libz.dylib; path = usr/lib/libz.dylib; sourceTree = SDKROOT; };
		18380664178EBADD00A4FCCC /* cardback.png */ = {isa = PBXFileReference; lastKnownFileType = image.png; path = cardback.png; sourceTree = "<group>"; };
		18380665178EBADD00A4FCCC /* green_stripes.gif */ = {isa = PBXFileReference; lastKnownFileType = image.gif; path = green_stripes.gif; sourceTree = "<group>"; };
		18380666178EBADD00A4FCCC /* purple_stripes.gif */ = {isa = PBXFileReference; lastKnownFileType = image.gif; path = purple_stripes.gif; sourceTree = "<group>"; };
		18380667178EBADD00A4FCCC /* red_stripes.gif */ = {isa = PBXFileReference; lastKnownFileType = image.gif; path = red_stripes.gif; sourceTree = "<group>"; };
		1838066C178EBC7A00A4FCCC /* Features Icon.png */ = {isa = PBXFileReference; lastKnownFileType = image.png; path = "Features Icon.png"; sourceTree = "<group>"; };
		1838066D178EBC7A00A4FCCC /* IconAction_Camera_GridView_30x30.png */ = {isa = PBXFileReference; lastKnownFileType = image.png; path = IconAction_Camera_GridView_30x30.png; sourceTree = "<group>"; };
		1838066E178EBC7A00A4FCCC /* playing_card_icon.png */ = {isa = PBXFileReference; lastKnownFileType = image.png; path = playing_card_icon.png; sourceTree = "<group>"; };
		189A2C83178D33FD00AE36CA /* MatchCollectionViewCell.h */ = {isa = PBXFileReference; fileEncoding = 4; lastKnownFileType = sourcecode.c.h; path = MatchCollectionViewCell.h; sourceTree = "<group>"; };
		189A2C84178D33FE00AE36CA /* MatchCollectionViewCell.m */ = {isa = PBXFileReference; fileEncoding = 4; lastKnownFileType = sourcecode.c.objc; path = MatchCollectionViewCell.m; sourceTree = "<group>"; };
		18C7B291178ADF34001D5F59 /* GraphicalSet.app */ = {isa = PBXFileReference; explicitFileType = wrapper.application; includeInIndex = 0; path = GraphicalSet.app; sourceTree = BUILT_PRODUCTS_DIR; };
		18C7B294178ADF34001D5F59 /* UIKit.framework */ = {isa = PBXFileReference; lastKnownFileType = wrapper.framework; name = UIKit.framework; path = System/Library/Frameworks/UIKit.framework; sourceTree = SDKROOT; };
		18C7B296178ADF34001D5F59 /* Foundation.framework */ = {isa = PBXFileReference; lastKnownFileType = wrapper.framework; name = Foundation.framework; path = System/Library/Frameworks/Foundation.framework; sourceTree = SDKROOT; };
		18C7B298178ADF34001D5F59 /* CoreGraphics.framework */ = {isa = PBXFileReference; lastKnownFileType = wrapper.framework; name = CoreGraphics.framework; path = System/Library/Frameworks/CoreGraphics.framework; sourceTree = SDKROOT; };
		18C7B29C178ADF34001D5F59 /* GraphicalSet-Info.plist */ = {isa = PBXFileReference; lastKnownFileType = text.plist.xml; path = "GraphicalSet-Info.plist"; sourceTree = "<group>"; };
		18C7B29E178ADF34001D5F59 /* en */ = {isa = PBXFileReference; lastKnownFileType = text.plist.strings; name = en; path = en.lproj/InfoPlist.strings; sourceTree = "<group>"; };
		18C7B2A0178ADF34001D5F59 /* main.m */ = {isa = PBXFileReference; lastKnownFileType = sourcecode.c.objc; path = main.m; sourceTree = "<group>"; };
		18C7B2A2178ADF34001D5F59 /* GraphicalSet-Prefix.pch */ = {isa = PBXFileReference; lastKnownFileType = sourcecode.c.h; path = "GraphicalSet-Prefix.pch"; sourceTree = "<group>"; };
		18C7B2A3178ADF34001D5F59 /* CardGameAppDelegate.h */ = {isa = PBXFileReference; lastKnownFileType = sourcecode.c.h; name = CardGameAppDelegate.h; path = GraphicalSet/CardGameAppDelegate.h; sourceTree = "<group>"; };
		18C7B2A4178ADF34001D5F59 /* CardGameAppDelegate.m */ = {isa = PBXFileReference; lastKnownFileType = sourcecode.c.objc; name = CardGameAppDelegate.m; path = GraphicalSet/CardGameAppDelegate.m; sourceTree = "<group>"; };
		18C7B2A6178ADF34001D5F59 /* Default.png */ = {isa = PBXFileReference; lastKnownFileType = image.png; path = Default.png; sourceTree = "<group>"; };
		18C7B2A8178ADF34001D5F59 /* Default@2x.png */ = {isa = PBXFileReference; lastKnownFileType = image.png; path = "Default@2x.png"; sourceTree = "<group>"; };
		18C7B2AA178ADF34001D5F59 /* Default-568h@2x.png */ = {isa = PBXFileReference; lastKnownFileType = image.png; path = "Default-568h@2x.png"; sourceTree = "<group>"; };
		18C7B2AD178ADF34001D5F59 /* en */ = {isa = PBXFileReference; lastKnownFileType = file.storyboard; name = en; path = en.lproj/MainStoryboard.storyboard; sourceTree = "<group>"; };
		18C7B2AF178ADF34001D5F59 /* CardGameViewController.h */ = {isa = PBXFileReference; lastKnownFileType = sourcecode.c.h; path = CardGameViewController.h; sourceTree = "<group>"; };
		18C7B2B0178ADF34001D5F59 /* CardGameViewController.m */ = {isa = PBXFileReference; lastKnownFileType = sourcecode.c.objc; path = CardGameViewController.m; sourceTree = "<group>"; };
		18C7B2B7178AFA31001D5F59 /* PlayingCardGameViewController.h */ = {isa = PBXFileReference; fileEncoding = 4; lastKnownFileType = sourcecode.c.h; path = PlayingCardGameViewController.h; sourceTree = "<group>"; };
		18C7B2B8178AFA31001D5F59 /* PlayingCardGameViewController.m */ = {isa = PBXFileReference; fileEncoding = 4; lastKnownFileType = sourcecode.c.objc; path = PlayingCardGameViewController.m; sourceTree = "<group>"; };
		18C7B2BA178AFFAE001D5F59 /* SetGameViewController.h */ = {isa = PBXFileReference; fileEncoding = 4; lastKnownFileType = sourcecode.c.h; path = SetGameViewController.h; sourceTree = "<group>"; };
		18C7B2BB178AFFAE001D5F59 /* SetGameViewController.m */ = {isa = PBXFileReference; fileEncoding = 4; lastKnownFileType = sourcecode.c.objc; path = SetGameViewController.m; sourceTree = "<group>"; };
		18C7B2BD178B0006001D5F59 /* GameSettingsViewController.h */ = {isa = PBXFileReference; fileEncoding = 4; lastKnownFileType = sourcecode.c.h; path = GameSettingsViewController.h; sourceTree = "<group>"; };
		18C7B2BE178B0006001D5F59 /* GameSettingsViewController.m */ = {isa = PBXFileReference; fileEncoding = 4; lastKnownFileType = sourcecode.c.objc; path = GameSettingsViewController.m; sourceTree = "<group>"; };
		18C7B2C0178B009F001D5F59 /* Card.h */ = {isa = PBXFileReference; fileEncoding = 4; lastKnownFileType = sourcecode.c.h; path = Card.h; sourceTree = "<group>"; };
		18C7B2C1178B009F001D5F59 /* Card.m */ = {isa = PBXFileReference; fileEncoding = 4; lastKnownFileType = sourcecode.c.objc; path = Card.m; sourceTree = "<group>"; };
		18C7B2C3178B00C0001D5F59 /* CardMatchingGame.h */ = {isa = PBXFileReference; fileEncoding = 4; lastKnownFileType = sourcecode.c.h; path = CardMatchingGame.h; sourceTree = "<group>"; };
		18C7B2C4178B00C0001D5F59 /* CardMatchingGame.m */ = {isa = PBXFileReference; fileEncoding = 4; lastKnownFileType = sourcecode.c.objc; path = CardMatchingGame.m; sourceTree = "<group>"; };
		18C7B2C6178B00E9001D5F59 /* Deck.h */ = {isa = PBXFileReference; fileEncoding = 4; lastKnownFileType = sourcecode.c.h; path = Deck.h; sourceTree = "<group>"; };
		18C7B2C7178B00E9001D5F59 /* Deck.m */ = {isa = PBXFileReference; fileEncoding = 4; lastKnownFileType = sourcecode.c.objc; path = Deck.m; sourceTree = "<group>"; };
		18C7B2C9178B00FF001D5F59 /* GameResult.h */ = {isa = PBXFileReference; fileEncoding = 4; lastKnownFileType = sourcecode.c.h; path = GameResult.h; sourceTree = "<group>"; };
		18C7B2CA178B00FF001D5F59 /* GameResult.m */ = {isa = PBXFileReference; fileEncoding = 4; lastKnownFileType = sourcecode.c.objc; path = GameResult.m; sourceTree = "<group>"; };
		18C7B2CD178B01F0001D5F59 /* PlayingCard.h */ = {isa = PBXFileReference; fileEncoding = 4; lastKnownFileType = sourcecode.c.h; path = PlayingCard.h; sourceTree = "<group>"; };
		18C7B2CE178B01F1001D5F59 /* PlayingCard.m */ = {isa = PBXFileReference; fileEncoding = 4; lastKnownFileType = sourcecode.c.objc; path = PlayingCard.m; sourceTree = "<group>"; };
		18C7B2D0178B022E001D5F59 /* PlayingCardDeck.h */ = {isa = PBXFileReference; fileEncoding = 4; lastKnownFileType = sourcecode.c.h; path = PlayingCardDeck.h; sourceTree = "<group>"; };
		18C7B2D1178B022E001D5F59 /* PlayingCardDeck.m */ = {isa = PBXFileReference; fileEncoding = 4; lastKnownFileType = sourcecode.c.objc; path = PlayingCardDeck.m; sourceTree = "<group>"; };
		18C7B2D3178B0257001D5F59 /* SetCard.h */ = {isa = PBXFileReference; fileEncoding = 4; lastKnownFileType = sourcecode.c.h; path = SetCard.h; sourceTree = "<group>"; };
		18C7B2D4178B0258001D5F59 /* SetCard.m */ = {isa = PBXFileReference; fileEncoding = 4; lastKnownFileType = sourcecode.c.objc; path = SetCard.m; sourceTree = "<group>"; };
		18C7B2D6178B028B001D5F59 /* SetCardDeck.h */ = {isa = PBXFileReference; fileEncoding = 4; lastKnownFileType = sourcecode.c.h; path = SetCardDeck.h; sourceTree = "<group>"; };
		18C7B2D7178B028B001D5F59 /* SetCardDeck.m */ = {isa = PBXFileReference; fileEncoding = 4; lastKnownFileType = sourcecode.c.objc; path = SetCardDeck.m; sourceTree = "<group>"; };
		18C7B2D9178B02B2001D5F59 /* GameSettings.h */ = {isa = PBXFileReference; fileEncoding = 4; lastKnownFileType = sourcecode.c.h; path = GameSettings.h; sourceTree = "<group>"; };
		18C7B2DA178B02B2001D5F59 /* GameSettings.m */ = {isa = PBXFileReference; fileEncoding = 4; lastKnownFileType = sourcecode.c.objc; path = GameSettings.m; sourceTree = "<group>"; };
		18C7B2E0178B0367001D5F59 /* PlayingCardCollectionViewCell.h */ = {isa = PBXFileReference; fileEncoding = 4; lastKnownFileType = sourcecode.c.h; path = PlayingCardCollectionViewCell.h; sourceTree = "<group>"; };
		18C7B2E1178B0367001D5F59 /* PlayingCardCollectionViewCell.m */ = {isa = PBXFileReference; fileEncoding = 4; lastKnownFileType = sourcecode.c.objc; path = PlayingCardCollectionViewCell.m; sourceTree = "<group>"; };
		18C7B2E3178B0386001D5F59 /* PlayingCardView.h */ = {isa = PBXFileReference; fileEncoding = 4; lastKnownFileType = sourcecode.c.h; path = PlayingCardView.h; sourceTree = "<group>"; };
		18C7B2E4178B0386001D5F59 /* PlayingCardView.m */ = {isa = PBXFileReference; fileEncoding = 4; lastKnownFileType = sourcecode.c.objc; path = PlayingCardView.m; sourceTree = "<group>"; };
		18C7B2E6178B03A3001D5F59 /* SetCardCollectionViewCell.h */ = {isa = PBXFileReference; fileEncoding = 4; lastKnownFileType = sourcecode.c.h; path = SetCardCollectionViewCell.h; sourceTree = "<group>"; };
		18C7B2E7178B03A3001D5F59 /* SetCardCollectionViewCell.m */ = {isa = PBXFileReference; fileEncoding = 4; lastKnownFileType = sourcecode.c.objc; path = SetCardCollectionViewCell.m; sourceTree = "<group>"; };
		18C7B2E9178B03B9001D5F59 /* SetCardView.h */ = {isa = PBXFileReference; fileEncoding = 4; lastKnownFileType = sourcecode.c.h; path = SetCardView.h; sourceTree = "<group>"; };
		18C7B2EA178B03B9001D5F59 /* SetCardView.m */ = {isa = PBXFileReference; fileEncoding = 4; lastKnownFileType = sourcecode.c.objc; path = SetCardView.m; sourceTree = "<group>"; };
		18C7B2EC178B03CD001D5F59 /* FlipResultView.h */ = {isa = PBXFileReference; fileEncoding = 4; lastKnownFileType = sourcecode.c.h; path = FlipResultView.h; sourceTree = "<group>"; };
		18C7B2ED178B03CD001D5F59 /* FlipResultView.m */ = {isa = PBXFileReference; fileEncoding = 4; lastKnownFileType = sourcecode.c.objc; path = FlipResultView.m; sourceTree = "<group>"; };
		18C7B2F5178B040D001D5F59 /* MatchSectionHeaderReusableView.h */ = {isa = PBXFileReference; fileEncoding = 4; lastKnownFileType = sourcecode.c.h; path = MatchSectionHeaderReusableView.h; sourceTree = "<group>"; };
		18C7B2F6178B040D001D5F59 /* MatchSectionHeaderReusableView.m */ = {isa = PBXFileReference; fileEncoding = 4; lastKnownFileType = sourcecode.c.objc; path = MatchSectionHeaderReusableView.m; sourceTree = "<group>"; };
/* End PBXFileReference section */

/* Begin PBXFrameworksBuildPhase section */
		18C7B28E178ADF34001D5F59 /* Frameworks */ = {
			isa = PBXFrameworksBuildPhase;
			buildActionMask = 2147483647;
			files = (
				181E6D48179022DE002C7313 /* libz.dylib in Frameworks */,
				18C7B295178ADF34001D5F59 /* UIKit.framework in Frameworks */,
				18C7B297178ADF34001D5F59 /* Foundation.framework in Frameworks */,
				18C7B299178ADF34001D5F59 /* CoreGraphics.framework in Frameworks */,
				181E6D4417902245002C7313 /* libTestFlight.a in Frameworks */,
			);
			runOnlyForDeploymentPostprocessing = 0;
		};
/* End PBXFrameworksBuildPhase section */

/* Begin PBXGroup section */
		181E6D3F17902245002C7313 /* TestFlightSDK1 */ = {
			isa = PBXGroup;
			children = (
				181E6D4017902245002C7313 /* libTestFlight.a */,
				181E6D4117902245002C7313 /* README.md */,
				181E6D4217902245002C7313 /* release_notes.md */,
				181E6D4317902245002C7313 /* TestFlight.h */,
			);
			path = TestFlightSDK1;
			sourceTree = "<group>";
		};
		18380672178ED2F600A4FCCC /* Images */ = {
			isa = PBXGroup;
			children = (
				181E6D21178FF395002C7313 /* icon.gif */,
				1838066C178EBC7A00A4FCCC /* Features Icon.png */,
				1838066D178EBC7A00A4FCCC /* IconAction_Camera_GridView_30x30.png */,
				1838066E178EBC7A00A4FCCC /* playing_card_icon.png */,
				18380664178EBADD00A4FCCC /* cardback.png */,
				18380665178EBADD00A4FCCC /* green_stripes.gif */,
				18380666178EBADD00A4FCCC /* purple_stripes.gif */,
				18380667178EBADD00A4FCCC /* red_stripes.gif */,
			);
			name = Images;
			sourceTree = "<group>";
		};
		18C7B288178ADF34001D5F59 = {
			isa = PBXGroup;
			children = (
				181E6D47179022DE002C7313 /* libz.dylib */,
				181E6D3F17902245002C7313 /* TestFlightSDK1 */,
				181E6D2E17900D39002C7313 /* Default@2x.png */,
				181E6D2C17900C8F002C7313 /* Default-568h@2x.png */,
				181E6D23178FF3E2002C7313 /* app_image_1485.png */,
				18C7B2AC178ADF34001D5F59 /* MainStoryboard.storyboard */,
				18C7B2A3178ADF34001D5F59 /* CardGameAppDelegate.h */,
				18C7B2A4178ADF34001D5F59 /* CardGameAppDelegate.m */,
				18C7B29A178ADF34001D5F59 /* GraphicalSet */,
				18C7B293178ADF34001D5F59 /* Frameworks */,
				18C7B292178ADF34001D5F59 /* Products */,
			);
			sourceTree = "<group>";
		};
		18C7B292178ADF34001D5F59 /* Products */ = {
			isa = PBXGroup;
			children = (
				18C7B291178ADF34001D5F59 /* GraphicalSet.app */,
			);
			name = Products;
			sourceTree = "<group>";
		};
		18C7B293178ADF34001D5F59 /* Frameworks */ = {
			isa = PBXGroup;
			children = (
				18C7B294178ADF34001D5F59 /* UIKit.framework */,
				18C7B296178ADF34001D5F59 /* Foundation.framework */,
				18C7B298178ADF34001D5F59 /* CoreGraphics.framework */,
			);
			name = Frameworks;
			sourceTree = "<group>";
		};
		18C7B29A178ADF34001D5F59 /* GraphicalSet */ = {
			isa = PBXGroup;
			children = (
				18C7B2CC178B0114001D5F59 /* Model */,
				18C7B2F8178B041D001D5F59 /* Views */,
				18C7B2DC178B030A001D5F59 /* Controllers */,
				18C7B29B178ADF34001D5F59 /* Supporting Files */,
			);
			path = GraphicalSet;
			sourceTree = "<group>";
		};
		18C7B29B178ADF34001D5F59 /* Supporting Files */ = {
			isa = PBXGroup;
			children = (
				18C7B29C178ADF34001D5F59 /* GraphicalSet-Info.plist */,
				18C7B29D178ADF34001D5F59 /* InfoPlist.strings */,
				18C7B2A0178ADF34001D5F59 /* main.m */,
				18C7B2A2178ADF34001D5F59 /* GraphicalSet-Prefix.pch */,
				18380672178ED2F600A4FCCC /* Images */,
				18C7B2A6178ADF34001D5F59 /* Default.png */,
				18C7B2A8178ADF34001D5F59 /* Default@2x.png */,
				18C7B2AA178ADF34001D5F59 /* Default-568h@2x.png */,
			);
			name = "Supporting Files";
			sourceTree = "<group>";
		};
		18C7B2CC178B0114001D5F59 /* Model */ = {
			isa = PBXGroup;
			children = (
				18C7B2C0178B009F001D5F59 /* Card.h */,
				18C7B2C1178B009F001D5F59 /* Card.m */,
				18C7B2C6178B00E9001D5F59 /* Deck.h */,
				18C7B2C7178B00E9001D5F59 /* Deck.m */,
				18C7B2CD178B01F0001D5F59 /* PlayingCard.h */,
				18C7B2CE178B01F1001D5F59 /* PlayingCard.m */,
				18C7B2D0178B022E001D5F59 /* PlayingCardDeck.h */,
				18C7B2D1178B022E001D5F59 /* PlayingCardDeck.m */,
				18C7B2C3178B00C0001D5F59 /* CardMatchingGame.h */,
				18C7B2C4178B00C0001D5F59 /* CardMatchingGame.m */,
				18C7B2D3178B0257001D5F59 /* SetCard.h */,
				18C7B2D4178B0258001D5F59 /* SetCard.m */,
				18C7B2D6178B028B001D5F59 /* SetCardDeck.h */,
				18C7B2D7178B028B001D5F59 /* SetCardDeck.m */,
				18C7B2D9178B02B2001D5F59 /* GameSettings.h */,
				18C7B2DA178B02B2001D5F59 /* GameSettings.m */,
				18C7B2C9178B00FF001D5F59 /* GameResult.h */,
				18C7B2CA178B00FF001D5F59 /* GameResult.m */,
			);
			name = Model;
			sourceTree = "<group>";
		};
		18C7B2DC178B030A001D5F59 /* Controllers */ = {
			isa = PBXGroup;
			children = (
				18C7B2AF178ADF34001D5F59 /* CardGameViewController.h */,
				18C7B2B0178ADF34001D5F59 /* CardGameViewController.m */,
				18C7B2B7178AFA31001D5F59 /* PlayingCardGameViewController.h */,
				18C7B2B8178AFA31001D5F59 /* PlayingCardGameViewController.m */,
				18C7B2BA178AFFAE001D5F59 /* SetGameViewController.h */,
				18C7B2BB178AFFAE001D5F59 /* SetGameViewController.m */,
				18C7B2BD178B0006001D5F59 /* GameSettingsViewController.h */,
				18C7B2BE178B0006001D5F59 /* GameSettingsViewController.m */,
			);
			name = Controllers;
			sourceTree = "<group>";
		};
		18C7B2F8178B041D001D5F59 /* Views */ = {
			isa = PBXGroup;
			children = (
				18C7B2E0178B0367001D5F59 /* PlayingCardCollectionViewCell.h */,
				18C7B2E1178B0367001D5F59 /* PlayingCardCollectionViewCell.m */,
				18C7B2E3178B0386001D5F59 /* PlayingCardView.h */,
				18C7B2E4178B0386001D5F59 /* PlayingCardView.m */,
				18C7B2E6178B03A3001D5F59 /* SetCardCollectionViewCell.h */,
				18C7B2E7178B03A3001D5F59 /* SetCardCollectionViewCell.m */,
				18C7B2E9178B03B9001D5F59 /* SetCardView.h */,
				18C7B2EA178B03B9001D5F59 /* SetCardView.m */,
				18C7B2EC178B03CD001D5F59 /* FlipResultView.h */,
				18C7B2ED178B03CD001D5F59 /* FlipResultView.m */,
				18C7B2F5178B040D001D5F59 /* MatchSectionHeaderReusableView.h */,
				18C7B2F6178B040D001D5F59 /* MatchSectionHeaderReusableView.m */,
				189A2C83178D33FD00AE36CA /* MatchCollectionViewCell.h */,
				189A2C84178D33FE00AE36CA /* MatchCollectionViewCell.m */,
			);
			name = Views;
			sourceTree = "<group>";
		};
/* End PBXGroup section */

/* Begin PBXNativeTarget section */
		18C7B290178ADF34001D5F59 /* GraphicalSet */ = {
			isa = PBXNativeTarget;
			buildConfigurationList = 18C7B2B4178ADF34001D5F59 /* Build configuration list for PBXNativeTarget "GraphicalSet" */;
			buildPhases = (
				18C7B28D178ADF34001D5F59 /* Sources */,
				18C7B28E178ADF34001D5F59 /* Frameworks */,
				18C7B28F178ADF34001D5F59 /* Resources */,
			);
			buildRules = (
			);
			dependencies = (
			);
			name = GraphicalSet;
			productName = GraphicalSet;
			productReference = 18C7B291178ADF34001D5F59 /* GraphicalSet.app */;
			productType = "com.apple.product-type.application";
		};
/* End PBXNativeTarget section */

/* Begin PBXProject section */
		18C7B289178ADF34001D5F59 /* Project object */ = {
			isa = PBXProject;
			attributes = {
				CLASSPREFIX = CardGame;
				LastUpgradeCheck = 0460;
				ORGANIZATIONNAME = Apple;
			};
			buildConfigurationList = 18C7B28C178ADF34001D5F59 /* Build configuration list for PBXProject "GraphicalSet" */;
			compatibilityVersion = "Xcode 3.2";
			developmentRegion = English;
			hasScannedForEncodings = 0;
			knownRegions = (
				en,
			);
			mainGroup = 18C7B288178ADF34001D5F59;
			productRefGroup = 18C7B292178ADF34001D5F59 /* Products */;
			projectDirPath = "";
			projectRoot = "";
			targets = (
				18C7B290178ADF34001D5F59 /* GraphicalSet */,
			);
		};
/* End PBXProject section */

/* Begin PBXResourcesBuildPhase section */
		18C7B28F178ADF34001D5F59 /* Resources */ = {
			isa = PBXResourcesBuildPhase;
			buildActionMask = 2147483647;
			files = (
				18C7B29F178ADF34001D5F59 /* InfoPlist.strings in Resources */,
				18C7B2A7178ADF34001D5F59 /* Default.png in Resources */,
				18C7B2AE178ADF34001D5F59 /* MainStoryboard.storyboard in Resources */,
				18380668178EBADD00A4FCCC /* cardback.png in Resources */,
				18380669178EBADD00A4FCCC /* green_stripes.gif in Resources */,
				1838066A178EBADD00A4FCCC /* purple_stripes.gif in Resources */,
				1838066B178EBADD00A4FCCC /* red_stripes.gif in Resources */,
				1838066F178EBC7A00A4FCCC /* Features Icon.png in Resources */,
				18380670178EBC7A00A4FCCC /* IconAction_Camera_GridView_30x30.png in Resources */,
				18380671178EBC7A00A4FCCC /* playing_card_icon.png in Resources */,
				181E6D22178FF395002C7313 /* icon.gif in Resources */,
				181E6D24178FF3E2002C7313 /* app_image_1485.png in Resources */,
				181E6D2D17900C8F002C7313 /* Default-568h@2x.png in Resources */,
				181E6D2F17900D39002C7313 /* Default@2x.png in Resources */,
				181E6D4517902245002C7313 /* README.md in Resources */,
				181E6D4617902245002C7313 /* release_notes.md in Resources */,
			);
			runOnlyForDeploymentPostprocessing = 0;
		};
/* End PBXResourcesBuildPhase section */

/* Begin PBXSourcesBuildPhase section */
		18C7B28D178ADF34001D5F59 /* Sources */ = {
			isa = PBXSourcesBuildPhase;
			buildActionMask = 2147483647;
			files = (
				18C7B2A1178ADF34001D5F59 /* main.m in Sources */,
				18C7B2A5178ADF34001D5F59 /* CardGameAppDelegate.m in Sources */,
				18C7B2B1178ADF34001D5F59 /* CardGameViewController.m in Sources */,
				18C7B2B9178AFA31001D5F59 /* PlayingCardGameViewController.m in Sources */,
				18C7B2BC178AFFAE001D5F59 /* SetGameViewController.m in Sources */,
				18C7B2BF178B0006001D5F59 /* GameSettingsViewController.m in Sources */,
				18C7B2C2178B009F001D5F59 /* Card.m in Sources */,
				18C7B2C5178B00C0001D5F59 /* CardMatchingGame.m in Sources */,
				18C7B2C8178B00E9001D5F59 /* Deck.m in Sources */,
				18C7B2CB178B00FF001D5F59 /* GameResult.m in Sources */,
				18C7B2CF178B01F1001D5F59 /* PlayingCard.m in Sources */,
				18C7B2D2178B022E001D5F59 /* PlayingCardDeck.m in Sources */,
				18C7B2D5178B0258001D5F59 /* SetCard.m in Sources */,
				18C7B2D8178B028B001D5F59 /* SetCardDeck.m in Sources */,
				18C7B2DB178B02B2001D5F59 /* GameSettings.m in Sources */,
				18C7B2E2178B0367001D5F59 /* PlayingCardCollectionViewCell.m in Sources */,
				18C7B2E5178B0386001D5F59 /* PlayingCardView.m in Sources */,
				18C7B2E8178B03A3001D5F59 /* SetCardCollectionViewCell.m in Sources */,
				18C7B2EB178B03B9001D5F59 /* SetCardView.m in Sources */,
				18C7B2EE178B03CD001D5F59 /* FlipResultView.m in Sources */,
				18C7B2F7178B040D001D5F59 /* MatchSectionHeaderReusableView.m in Sources */,
				189A2C85178D33FE00AE36CA /* MatchCollectionViewCell.m in Sources */,
			);
			runOnlyForDeploymentPostprocessing = 0;
		};
/* End PBXSourcesBuildPhase section */

/* Begin PBXVariantGroup section */
		18C7B29D178ADF34001D5F59 /* InfoPlist.strings */ = {
			isa = PBXVariantGroup;
			children = (
				18C7B29E178ADF34001D5F59 /* en */,
			);
			name = InfoPlist.strings;
			sourceTree = "<group>";
		};
		18C7B2AC178ADF34001D5F59 /* MainStoryboard.storyboard */ = {
			isa = PBXVariantGroup;
			children = (
				18C7B2AD178ADF34001D5F59 /* en */,
			);
			name = MainStoryboard.storyboard;
			path = GraphicalSet;
			sourceTree = "<group>";
		};
/* End PBXVariantGroup section */

/* Begin XCBuildConfiguration section */
		18C7B2B2178ADF34001D5F59 /* Debug */ = {
			isa = XCBuildConfiguration;
			buildSettings = {
				ALWAYS_SEARCH_USER_PATHS = NO;
				CLANG_CXX_LANGUAGE_STANDARD = "gnu++0x";
				CLANG_CXX_LIBRARY = "libc++";
				CLANG_ENABLE_OBJC_ARC = YES;
				CLANG_WARN_CONSTANT_CONVERSION = YES;
				CLANG_WARN_EMPTY_BODY = YES;
				CLANG_WARN_ENUM_CONVERSION = YES;
				CLANG_WARN_INT_CONVERSION = YES;
				CLANG_WARN__DUPLICATE_METHOD_MATCH = YES;
				"CODE_SIGN_IDENTITY[sdk=iphoneos*]" = "iPhone Developer";
				COPY_PHASE_STRIP = NO;
				GCC_C_LANGUAGE_STANDARD = gnu99;
				GCC_DYNAMIC_NO_PIC = NO;
				GCC_OPTIMIZATION_LEVEL = 0;
				GCC_PREPROCESSOR_DEFINITIONS = (
					"DEBUG=1",
					"$(inherited)",
				);
				GCC_SYMBOLS_PRIVATE_EXTERN = NO;
				GCC_WARN_ABOUT_RETURN_TYPE = YES;
				GCC_WARN_UNINITIALIZED_AUTOS = YES;
				GCC_WARN_UNUSED_VARIABLE = YES;
				IPHONEOS_DEPLOYMENT_TARGET = 6.1;
				ONLY_ACTIVE_ARCH = YES;
				SDKROOT = iphoneos;
			};
			name = Debug;
		};
		18C7B2B3178ADF34001D5F59 /* Release */ = {
			isa = XCBuildConfiguration;
			buildSettings = {
				ALWAYS_SEARCH_USER_PATHS = NO;
				CLANG_CXX_LANGUAGE_STANDARD = "gnu++0x";
				CLANG_CXX_LIBRARY = "libc++";
				CLANG_ENABLE_OBJC_ARC = YES;
				CLANG_WARN_CONSTANT_CONVERSION = YES;
				CLANG_WARN_EMPTY_BODY = YES;
				CLANG_WARN_ENUM_CONVERSION = YES;
				CLANG_WARN_INT_CONVERSION = YES;
				CLANG_WARN__DUPLICATE_METHOD_MATCH = YES;
				"CODE_SIGN_IDENTITY[sdk=iphoneos*]" = "iPhone Developer";
				COPY_PHASE_STRIP = YES;
				GCC_C_LANGUAGE_STANDARD = gnu99;
				GCC_WARN_ABOUT_RETURN_TYPE = YES;
				GCC_WARN_UNINITIALIZED_AUTOS = YES;
				GCC_WARN_UNUSED_VARIABLE = YES;
				IPHONEOS_DEPLOYMENT_TARGET = 6.1;
				OTHER_CFLAGS = "-DNS_BLOCK_ASSERTIONS=1";
				SDKROOT = iphoneos;
				VALIDATE_PRODUCT = YES;
			};
			name = Release;
		};
		18C7B2B5178ADF34001D5F59 /* Debug */ = {
			isa = XCBuildConfiguration;
			buildSettings = {
				CODE_SIGN_IDENTITY = "";
				"CODE_SIGN_IDENTITY[sdk=iphoneos*]" = "iPhone Developer: Israel Thompson (AUR48FNGD7)";
				GCC_PRECOMPILE_PREFIX_HEADER = YES;
				GCC_PREFIX_HEADER = "GraphicalSet/GraphicalSet-Prefix.pch";
				INFOPLIST_FILE = "GraphicalSet/GraphicalSet-Info.plist";
				LIBRARY_SEARCH_PATHS = (
					"$(inherited)",
					"\"$(SRCROOT)/TestFlightSDK1\"",
				);
				PRODUCT_NAME = "$(TARGET_NAME)";
				WRAPPER_EXTENSION = app;
			};
			name = Debug;
		};
		18C7B2B6178ADF34001D5F59 /* Release */ = {
			isa = XCBuildConfiguration;
			buildSettings = {
				CODE_SIGN_IDENTITY = "";
				"CODE_SIGN_IDENTITY[sdk=iphoneos*]" = "iPhone Developer: Israel Thompson (AUR48FNGD7)";
				GCC_PRECOMPILE_PREFIX_HEADER = YES;
				GCC_PREFIX_HEADER = "GraphicalSet/GraphicalSet-Prefix.pch";
				INFOPLIST_FILE = "GraphicalSet/GraphicalSet-Info.plist";
				LIBRARY_SEARCH_PATHS = (
					"$(inherited)",
					"\"$(SRCROOT)/TestFlightSDK1\"",
				);
				PRODUCT_NAME = "$(TARGET_NAME)";
				WRAPPER_EXTENSION = app;
			};
			name = Release;
		};
/* End XCBuildConfiguration section */

/* Begin XCConfigurationList section */
		18C7B28C178ADF34001D5F59 /* Build configuration list for PBXProject "GraphicalSet" */ = {
			isa = XCConfigurationList;
			buildConfigurations = (
				18C7B2B2178ADF34001D5F59 /* Debug */,
				18C7B2B3178ADF34001D5F59 /* Release */,
			);
			defaultConfigurationIsVisible = 0;
			defaultConfigurationName = Release;
		};
		18C7B2B4178ADF34001D5F59 /* Build configuration list for PBXNativeTarget "GraphicalSet" */ = {
			isa = XCConfigurationList;
			buildConfigurations = (
				18C7B2B5178ADF34001D5F59 /* Debug */,
				18C7B2B6178ADF34001D5F59 /* Release */,
			);
			defaultConfigurationIsVisible = 0;
			defaultConfigurationName = Release;
		};
/* End XCConfigurationList section */
	};
	rootObject = 18C7B289178ADF34001D5F59 /* Project object */;
}
